
Microsoft Visual Studio Solution File, Format Version 12.00
# Visual Studio Version 16
VisualStudioVersion = 16.0.29728.190
MinimumVisualStudioVersion = 10.0.40219.1
Project("{00D1A9C2-B5F0-4AF3-8072-F6C62B433612}") = "GlennisDemoDatabase", "GlennisDemoDatabase.sqlproj", "{1D2BF022-A877-4977-9B45-4B734B862E0A}"
EndProject
Global
	GlobalSection(SolutionConfigurationPlatforms) = preSolution
		Debug|Any CPU = Debug|Any CPU
		Release|Any CPU = Release|Any CPU
	EndGlobalSection
	GlobalSection(ProjectConfigurationPlatforms) = postSolution
		{1D2BF022-A877-4977-9B45-4B734B862E0A}.Debug|Any CPU.ActiveCfg = Debug|Any CPU
		{1D2BF022-A877-4977-9B45-4B734B862E0A}.Debug|Any CPU.Build.0 = Debug|Any CPU
		{1D2BF022-A877-4977-9B45-4B734B862E0A}.Debug|Any CPU.Deploy.0 = Debug|Any CPU
		{1D2BF022-A877-4977-9B45-4B734B862E0A}.Release|Any CPU.ActiveCfg = Release|Any CPU
		{1D2BF022-A877-4977-9B45-4B734B862E0A}.Release|Any CPU.Build.0 = Release|Any CPU
		{1D2BF022-A877-4977-9B45-4B734B862E0A}.Release|Any CPU.Deploy.0 = Release|Any CPU
	EndGlobalSection
	GlobalSection(SolutionProperties) = preSolution
		HideSolutionNode = FALSE
	EndGlobalSection
	GlobalSection(ExtensibilityGlobals) = postSolution
		SolutionGuid = {5F99F506-3572-4253-B78C-306D548EBE7B}
	EndGlobalSection
EndGlobal
